
Microsoft Visual Studio Solution File, Format Version 12.00
# Visual Studio 2013
VisualStudioVersion = 12.0.30723.0
MinimumVisualStudioVersion = 10.0.40219.1
Project("{FAE04EC0-301F-11D3-BF4B-00C04F79EFBC}") = "OwinTestingWebApi", "OwinTestingWebApi\OwinTestingWebApi.csproj", "{F85DA6CA-DADF-46C0-9F69-AF777AE33B83}"
EndProject
Project("{FAE04EC0-301F-11D3-BF4B-00C04F79EFBC}") = "OwinTestingWebApi.Tests", "OwinTestingWebApi.Tests\OwinTestingWebApi.Tests.csproj", "{8EB53670-306B-4B1D-99C3-8D2949432C49}"
EndProject
Global
	GlobalSection(SolutionConfigurationPlatforms) = preSolution
		Debug|Any CPU = Debug|Any CPU
		Release|Any CPU = Release|Any CPU
	EndGlobalSection
	GlobalSection(ProjectConfigurationPlatforms) = postSolution
		{F85DA6CA-DADF-46C0-9F69-AF777AE33B83}.Debug|Any CPU.ActiveCfg = Debug|Any CPU
		{F85DA6CA-DADF-46C0-9F69-AF777AE33B83}.Debug|Any CPU.Build.0 = Debug|Any CPU
		{F85DA6CA-DADF-46C0-9F69-AF777AE33B83}.Release|Any CPU.ActiveCfg = Release|Any CPU
		{F85DA6CA-DADF-46C0-9F69-AF777AE33B83}.Release|Any CPU.Build.0 = Release|Any CPU
		{8EB53670-306B-4B1D-99C3-8D2949432C49}.Debug|Any CPU.ActiveCfg = Debug|Any CPU
		{8EB53670-306B-4B1D-99C3-8D2949432C49}.Debug|Any CPU.Build.0 = Debug|Any CPU
		{8EB53670-306B-4B1D-99C3-8D2949432C49}.Release|Any CPU.ActiveCfg = Release|Any CPU
		{8EB53670-306B-4B1D-99C3-8D2949432C49}.Release|Any CPU.Build.0 = Release|Any CPU
	EndGlobalSection
	GlobalSection(SolutionProperties) = preSolution
		HideSolutionNode = FALSE
	EndGlobalSection
EndGlobal
